
Microsoft Visual Studio Solution File, Format Version 12.00
# Visual Studio Version 16
VisualStudioVersion = 16.0.32106.194
MinimumVisualStudioVersion = 10.0.40219.1
Project("{FAE04EC0-301F-11D3-BF4B-00C04F79EFBC}") = "VendingMachin", "VendingMachin\VendingMachin.csproj", "{6E32D6A0-8167-4351-86BC-E06051F5FB5D}"
EndProject
Global
	GlobalSection(SolutionConfigurationPlatforms) = preSolution
		Debug|Any CPU = Debug|Any CPU
		Release|Any CPU = Release|Any CPU
	EndGlobalSection
	GlobalSection(ProjectConfigurationPlatforms) = postSolution
		{6E32D6A0-8167-4351-86BC-E06051F5FB5D}.Debug|Any CPU.ActiveCfg = Debug|Any CPU
		{6E32D6A0-8167-4351-86BC-E06051F5FB5D}.Debug|Any CPU.Build.0 = Debug|Any CPU
		{6E32D6A0-8167-4351-86BC-E06051F5FB5D}.Release|Any CPU.ActiveCfg = Release|Any CPU
		{6E32D6A0-8167-4351-86BC-E06051F5FB5D}.Release|Any CPU.Build.0 = Release|Any CPU
	EndGlobalSection
	GlobalSection(SolutionProperties) = preSolution
		HideSolutionNode = FALSE
	EndGlobalSection
	GlobalSection(ExtensibilityGlobals) = postSolution
		SolutionGuid = {20CB053F-E9B5-4F22-9D37-64FF6970C3D3}
	EndGlobalSection
EndGlobal
